// !$*UTF8*$!
{
	archiveVersion = 1;
	classes = {
	};
	objectVersion = 46;
	objects = {

/* Begin PBXBuildFile section */
		4C0A59821E4BE479002EF0AC /* Protocol.swift in Sources */ = {isa = PBXBuildFile; fileRef = 4C0A59811E4BE479002EF0AC /* Protocol.swift */; };
		4C0A59AE1E4E49E1002EF0AC /* EditGroupViewController.swift in Sources */ = {isa = PBXBuildFile; fileRef = 4C0A59AC1E4E49E1002EF0AC /* EditGroupViewController.swift */; };
		4C0A59B11E4E5A65002EF0AC /* ContactsListFlowLayout.swift in Sources */ = {isa = PBXBuildFile; fileRef = 4C0A59B01E4E5A65002EF0AC /* ContactsListFlowLayout.swift */; };
		4C0A59B41E4E5AA3002EF0AC /* ContactsGridFlowLayout.swift in Sources */ = {isa = PBXBuildFile; fileRef = 4C0A59B31E4E5AA3002EF0AC /* ContactsGridFlowLayout.swift */; };
		4C0A59B61E4E5B3D002EF0AC /* allContactsCollectionViewCell.swift in Sources */ = {isa = PBXBuildFile; fileRef = 4C0A59B51E4E5B3D002EF0AC /* allContactsCollectionViewCell.swift */; };
		4C0A59B81E4E5B82002EF0AC /* AllContactsViewController.swift in Sources */ = {isa = PBXBuildFile; fileRef = 4C0A59B71E4E5B82002EF0AC /* AllContactsViewController.swift */; };
		4C1E089A1E3FE76A00CAE5C9 /* AppDelegate.swift in Sources */ = {isa = PBXBuildFile; fileRef = 4C1E08991E3FE76A00CAE5C9 /* AppDelegate.swift */; };
		4C1E08A11E3FE76A00CAE5C9 /* Assets.xcassets in Resources */ = {isa = PBXBuildFile; fileRef = 4C1E08A01E3FE76A00CAE5C9 /* Assets.xcassets */; };
		4C1E08A41E3FE76A00CAE5C9 /* LaunchScreen.storyboard in Resources */ = {isa = PBXBuildFile; fileRef = 4C1E08A21E3FE76A00CAE5C9 /* LaunchScreen.storyboard */; };
		4C1E08AC1E3FE9E600CAE5C9 /* GoogleService-Info.plist in Resources */ = {isa = PBXBuildFile; fileRef = 4C1E08AB1E3FE9E600CAE5C9 /* GoogleService-Info.plist */; };
		4C2322351E4E9BF500BABB6D /* EditTableViewCell.swift in Sources */ = {isa = PBXBuildFile; fileRef = 4C2322341E4E9BF500BABB6D /* EditTableViewCell.swift */; };
		4C2322371E4F9FE800BABB6D /* callNtextProtocal.swift in Sources */ = {isa = PBXBuildFile; fileRef = 4C2322361E4F9FE800BABB6D /* callNtextProtocal.swift */; };
		4C2322391E4FBE0B00BABB6D /* AddContactTableViewCell.swift in Sources */ = {isa = PBXBuildFile; fileRef = 4C2322381E4FBE0B00BABB6D /* AddContactTableViewCell.swift */; };
		4C23223B1E4FBE2200BABB6D /* AddContactViewController.swift in Sources */ = {isa = PBXBuildFile; fileRef = 4C23223A1E4FBE2200BABB6D /* AddContactViewController.swift */; };
		4C252DEF1E40D484001D7AB6 /* FrontPageViewController.swift in Sources */ = {isa = PBXBuildFile; fileRef = 4C252DEE1E40D484001D7AB6 /* FrontPageViewController.swift */; };
		4C252DF31E40D56F001D7AB6 /* NewGroupViewController.swift in Sources */ = {isa = PBXBuildFile; fileRef = 4C252DF21E40D56F001D7AB6 /* NewGroupViewController.swift */; };
		4C252DFA1E411018001D7AB6 /* LaunchScreenViewController.swift in Sources */ = {isa = PBXBuildFile; fileRef = 4C252DF91E411018001D7AB6 /* LaunchScreenViewController.swift */; };
		4C252DFC1E412540001D7AB6 /* TextComposer.swift in Sources */ = {isa = PBXBuildFile; fileRef = 4C252DFB1E412540001D7AB6 /* TextComposer.swift */; };
		4C252DFE1E4125CA001D7AB6 /* DataModel.swift in Sources */ = {isa = PBXBuildFile; fileRef = 4C252DFD1E4125CA001D7AB6 /* DataModel.swift */; };
		4C252E001E4127D8001D7AB6 /* NewGroupTableViewCell.swift in Sources */ = {isa = PBXBuildFile; fileRef = 4C252DFF1E4127D8001D7AB6 /* NewGroupTableViewCell.swift */; };
		4C252E041E4188D6001D7AB6 /* MPCollectionViewController.swift in Sources */ = {isa = PBXBuildFile; fileRef = 4C252E031E4188D6001D7AB6 /* MPCollectionViewController.swift */; };
		4C252E061E4189B9001D7AB6 /* MPCollectionViewCell.swift in Sources */ = {isa = PBXBuildFile; fileRef = 4C252E051E4189B9001D7AB6 /* MPCollectionViewCell.swift */; };
		4C252E0A1E41903C001D7AB6 /* MPTableViewController.swift in Sources */ = {isa = PBXBuildFile; fileRef = 4C252E091E41903C001D7AB6 /* MPTableViewController.swift */; };
		4C252E0C1E41905A001D7AB6 /* MPTableViewCell.swift in Sources */ = {isa = PBXBuildFile; fileRef = 4C252E0B1E41905A001D7AB6 /* MPTableViewCell.swift */; };
		4C2D2AE21E4B691200DA5392 /* Info.swift in Sources */ = {isa = PBXBuildFile; fileRef = 4C2D2AE11E4B691200DA5392 /* Info.swift */; };
		4C5DA2461E501BE3003B31D1 /* AboutUsViewController.swift in Sources */ = {isa = PBXBuildFile; fileRef = 4C5DA2451E501BE3003B31D1 /* AboutUsViewController.swift */; };
		4CC3908A1E48D92000B3EA3E /* ContactsUI.framework in Frameworks */ = {isa = PBXBuildFile; fileRef = 4CC390891E48D92000B3EA3E /* ContactsUI.framework */; };
		4CC3908C1E48D93200B3EA3E /* Contacts.framework in Frameworks */ = {isa = PBXBuildFile; fileRef = 4CC3908B1E48D93200B3EA3E /* Contacts.framework */; };
		4CC3908E1E48D94700B3EA3E /* CallKit.framework in Frameworks */ = {isa = PBXBuildFile; fileRef = 4CC3908D1E48D94700B3EA3E /* CallKit.framework */; };
		4CC390B51E49139200B3EA3E /* Main.storyboard in Resources */ = {isa = PBXBuildFile; fileRef = 4CC390B41E49139200B3EA3E /* Main.storyboard */; };
		4CC390FE1E4ABADE00B3EA3E /* GroupMenuViewController.swift in Sources */ = {isa = PBXBuildFile; fileRef = 4CC390FD1E4ABADE00B3EA3E /* GroupMenuViewController.swift */; };
		77DE296542F6E19488F5B00D /* Pods_Testo.framework in Frameworks */ = {isa = PBXBuildFile; fileRef = 3B197B5018031D9C85296842 /* Pods_Testo.framework */; };
/* End PBXBuildFile section */

/* Begin PBXFileReference section */
		3B197B5018031D9C85296842 /* Pods_Testo.framework */ = {isa = PBXFileReference; explicitFileType = wrapper.framework; includeInIndex = 0; path = Pods_Testo.framework; sourceTree = BUILT_PRODUCTS_DIR; };
		4C0A59811E4BE479002EF0AC /* Protocol.swift */ = {isa = PBXFileReference; fileEncoding = 4; lastKnownFileType = sourcecode.swift; path = Protocol.swift; sourceTree = "<group>"; };
		4C0A59AC1E4E49E1002EF0AC /* EditGroupViewController.swift */ = {isa = PBXFileReference; fileEncoding = 4; lastKnownFileType = sourcecode.swift; path = EditGroupViewController.swift; sourceTree = "<group>"; };
		4C0A59B01E4E5A65002EF0AC /* ContactsListFlowLayout.swift */ = {isa = PBXFileReference; fileEncoding = 4; lastKnownFileType = sourcecode.swift; path = ContactsListFlowLayout.swift; sourceTree = "<group>"; };
		4C0A59B31E4E5AA3002EF0AC /* ContactsGridFlowLayout.swift */ = {isa = PBXFileReference; fileEncoding = 4; lastKnownFileType = sourcecode.swift; path = ContactsGridFlowLayout.swift; sourceTree = "<group>"; };
		4C0A59B51E4E5B3D002EF0AC /* allContactsCollectionViewCell.swift */ = {isa = PBXFileReference; fileEncoding = 4; lastKnownFileType = sourcecode.swift; path = allContactsCollectionViewCell.swift; sourceTree = "<group>"; };
		4C0A59B71E4E5B82002EF0AC /* AllContactsViewController.swift */ = {isa = PBXFileReference; fileEncoding = 4; lastKnownFileType = sourcecode.swift; path = AllContactsViewController.swift; sourceTree = "<group>"; };
		4C1E08961E3FE76A00CAE5C9 /* Testo.app */ = {isa = PBXFileReference; explicitFileType = wrapper.application; includeInIndex = 0; path = Testo.app; sourceTree = BUILT_PRODUCTS_DIR; };
		4C1E08991E3FE76A00CAE5C9 /* AppDelegate.swift */ = {isa = PBXFileReference; lastKnownFileType = sourcecode.swift; name = AppDelegate.swift; path = Testo/AppDelegate.swift; sourceTree = "<group>"; };
		4C1E08A01E3FE76A00CAE5C9 /* Assets.xcassets */ = {isa = PBXFileReference; lastKnownFileType = folder.assetcatalog; name = Assets.xcassets; path = Testo/Assets.xcassets; sourceTree = "<group>"; };
		4C1E08A31E3FE76A00CAE5C9 /* Base */ = {isa = PBXFileReference; lastKnownFileType = file.storyboard; name = Base; path = Base.lproj/LaunchScreen.storyboard; sourceTree = "<group>"; };
		4C1E08A51E3FE76A00CAE5C9 /* Info.plist */ = {isa = PBXFileReference; lastKnownFileType = text.plist.xml; name = Info.plist; path = Testo/Info.plist; sourceTree = "<group>"; };
		4C1E08AB1E3FE9E600CAE5C9 /* GoogleService-Info.plist */ = {isa = PBXFileReference; fileEncoding = 4; lastKnownFileType = text.plist.xml; name = "GoogleService-Info.plist"; path = "Testo/GoogleService-Info.plist"; sourceTree = "<group>"; };
		4C2322341E4E9BF500BABB6D /* EditTableViewCell.swift */ = {isa = PBXFileReference; fileEncoding = 4; lastKnownFileType = sourcecode.swift; path = EditTableViewCell.swift; sourceTree = "<group>"; };
		4C2322361E4F9FE800BABB6D /* callNtextProtocal.swift */ = {isa = PBXFileReference; fileEncoding = 4; lastKnownFileType = sourcecode.swift; path = callNtextProtocal.swift; sourceTree = "<group>"; };
		4C2322381E4FBE0B00BABB6D /* AddContactTableViewCell.swift */ = {isa = PBXFileReference; fileEncoding = 4; lastKnownFileType = sourcecode.swift; path = AddContactTableViewCell.swift; sourceTree = "<group>"; };
		4C23223A1E4FBE2200BABB6D /* AddContactViewController.swift */ = {isa = PBXFileReference; fileEncoding = 4; lastKnownFileType = sourcecode.swift; path = AddContactViewController.swift; sourceTree = "<group>"; };
		4C252DEE1E40D484001D7AB6 /* FrontPageViewController.swift */ = {isa = PBXFileReference; fileEncoding = 4; lastKnownFileType = sourcecode.swift; name = FrontPageViewController.swift; path = Testo/FrontPageViewController.swift; sourceTree = "<group>"; };
		4C252DF21E40D56F001D7AB6 /* NewGroupViewController.swift */ = {isa = PBXFileReference; fileEncoding = 4; lastKnownFileType = sourcecode.swift; path = NewGroupViewController.swift; sourceTree = "<group>"; };
		4C252DF91E411018001D7AB6 /* LaunchScreenViewController.swift */ = {isa = PBXFileReference; fileEncoding = 4; lastKnownFileType = sourcecode.swift; path = LaunchScreenViewController.swift; sourceTree = "<group>"; };
		4C252DFB1E412540001D7AB6 /* TextComposer.swift */ = {isa = PBXFileReference; fileEncoding = 4; lastKnownFileType = sourcecode.swift; path = TextComposer.swift; sourceTree = "<group>"; };
		4C252DFD1E4125CA001D7AB6 /* DataModel.swift */ = {isa = PBXFileReference; fileEncoding = 4; lastKnownFileType = sourcecode.swift; path = DataModel.swift; sourceTree = "<group>"; };
		4C252DFF1E4127D8001D7AB6 /* NewGroupTableViewCell.swift */ = {isa = PBXFileReference; fileEncoding = 4; lastKnownFileType = sourcecode.swift; path = NewGroupTableViewCell.swift; sourceTree = "<group>"; };
		4C252E031E4188D6001D7AB6 /* MPCollectionViewController.swift */ = {isa = PBXFileReference; fileEncoding = 4; lastKnownFileType = sourcecode.swift; path = MPCollectionViewController.swift; sourceTree = "<group>"; };
		4C252E051E4189B9001D7AB6 /* MPCollectionViewCell.swift */ = {isa = PBXFileReference; fileEncoding = 4; lastKnownFileType = sourcecode.swift; path = MPCollectionViewCell.swift; sourceTree = "<group>"; };
		4C252E091E41903C001D7AB6 /* MPTableViewController.swift */ = {isa = PBXFileReference; fileEncoding = 4; lastKnownFileType = sourcecode.swift; path = MPTableViewController.swift; sourceTree = "<group>"; };
		4C252E0B1E41905A001D7AB6 /* MPTableViewCell.swift */ = {isa = PBXFileReference; fileEncoding = 4; lastKnownFileType = sourcecode.swift; path = MPTableViewCell.swift; sourceTree = "<group>"; };
		4C2D2AE11E4B691200DA5392 /* Info.swift */ = {isa = PBXFileReference; fileEncoding = 4; lastKnownFileType = sourcecode.swift; path = Info.swift; sourceTree = "<group>"; };
		4C5DA2451E501BE3003B31D1 /* AboutUsViewController.swift */ = {isa = PBXFileReference; fileEncoding = 4; lastKnownFileType = sourcecode.swift; path = AboutUsViewController.swift; sourceTree = "<group>"; };
		4C5DA2471E5136A2003B31D1 /* Testo.entitlements */ = {isa = PBXFileReference; lastKnownFileType = text.plist.entitlements; path = Testo.entitlements; sourceTree = "<group>"; };
		4CC390891E48D92000B3EA3E /* ContactsUI.framework */ = {isa = PBXFileReference; lastKnownFileType = wrapper.framework; name = ContactsUI.framework; path = System/Library/Frameworks/ContactsUI.framework; sourceTree = SDKROOT; };
		4CC3908B1E48D93200B3EA3E /* Contacts.framework */ = {isa = PBXFileReference; lastKnownFileType = wrapper.framework; name = Contacts.framework; path = System/Library/Frameworks/Contacts.framework; sourceTree = SDKROOT; };
		4CC3908D1E48D94700B3EA3E /* CallKit.framework */ = {isa = PBXFileReference; lastKnownFileType = wrapper.framework; name = CallKit.framework; path = System/Library/Frameworks/CallKit.framework; sourceTree = SDKROOT; };
		4CC390B41E49139200B3EA3E /* Main.storyboard */ = {isa = PBXFileReference; fileEncoding = 4; lastKnownFileType = file.storyboard; name = Main.storyboard; path = ../Main.storyboard; sourceTree = "<group>"; };
		4CC390FD1E4ABADE00B3EA3E /* GroupMenuViewController.swift */ = {isa = PBXFileReference; fileEncoding = 4; lastKnownFileType = sourcecode.swift; name = GroupMenuViewController.swift; path = ../GroupMenuViewController.swift; sourceTree = "<group>"; };
		4D8ACE5008A8F8D6EBB6DC1F /* Pods-Testo.release.xcconfig */ = {isa = PBXFileReference; includeInIndex = 1; lastKnownFileType = text.xcconfig; name = "Pods-Testo.release.xcconfig"; path = "Pods/Target Support Files/Pods-Testo/Pods-Testo.release.xcconfig"; sourceTree = "<group>"; };
		63C6211498725E79BC8213D2 /* Pods-Testo.debug.xcconfig */ = {isa = PBXFileReference; includeInIndex = 1; lastKnownFileType = text.xcconfig; name = "Pods-Testo.debug.xcconfig"; path = "Pods/Target Support Files/Pods-Testo/Pods-Testo.debug.xcconfig"; sourceTree = "<group>"; };
/* End PBXFileReference section */

/* Begin PBXFrameworksBuildPhase section */
		4C1E08931E3FE76A00CAE5C9 /* Frameworks */ = {
			isa = PBXFrameworksBuildPhase;
			buildActionMask = 2147483647;
			files = (
				4CC3908E1E48D94700B3EA3E /* CallKit.framework in Frameworks */,
				4CC3908C1E48D93200B3EA3E /* Contacts.framework in Frameworks */,
				4CC3908A1E48D92000B3EA3E /* ContactsUI.framework in Frameworks */,
				77DE296542F6E19488F5B00D /* Pods_Testo.framework in Frameworks */,
			);
			runOnlyForDeploymentPostprocessing = 0;
		};
/* End PBXFrameworksBuildPhase section */

/* Begin PBXGroup section */
		37AC719D6AD4840DAAF12E0D /* Frameworks */ = {
			isa = PBXGroup;
			children = (
				4CC3908D1E48D94700B3EA3E /* CallKit.framework */,
				4CC3908B1E48D93200B3EA3E /* Contacts.framework */,
				4CC390891E48D92000B3EA3E /* ContactsUI.framework */,
				3B197B5018031D9C85296842 /* Pods_Testo.framework */,
			);
			name = Frameworks;
			sourceTree = "<group>";
		};
		4C0A59A51E4E395E002EF0AC /* Menu */ = {
			isa = PBXGroup;
			children = (
				4CC390FD1E4ABADE00B3EA3E /* GroupMenuViewController.swift */,
				4C0A59AC1E4E49E1002EF0AC /* EditGroupViewController.swift */,
				4C2322341E4E9BF500BABB6D /* EditTableViewCell.swift */,
			);
			name = Menu;
			sourceTree = "<group>";
		};
		4C0A59B21E4E5A72002EF0AC /* All Contacts */ = {
			isa = PBXGroup;
			children = (
				4C0A59B01E4E5A65002EF0AC /* ContactsListFlowLayout.swift */,
				4C0A59B31E4E5AA3002EF0AC /* ContactsGridFlowLayout.swift */,
				4C0A59B51E4E5B3D002EF0AC /* allContactsCollectionViewCell.swift */,
				4C0A59B71E4E5B82002EF0AC /* AllContactsViewController.swift */,
				4C2322361E4F9FE800BABB6D /* callNtextProtocal.swift */,
				4C2322381E4FBE0B00BABB6D /* AddContactTableViewCell.swift */,
				4C23223A1E4FBE2200BABB6D /* AddContactViewController.swift */,
			);
			name = "All Contacts";
			sourceTree = "<group>";
		};
		4C1E088D1E3FE76A00CAE5C9 = {
			isa = PBXGroup;
			children = (
				4C1E08981E3FE76A00CAE5C9 /* Testo */,
				4C1E08A01E3FE76A00CAE5C9 /* Assets.xcassets */,
				4C1E08AB1E3FE9E600CAE5C9 /* GoogleService-Info.plist */,
				4C1E08A51E3FE76A00CAE5C9 /* Info.plist */,
				4C1E08971E3FE76A00CAE5C9 /* Products */,
				BB6B73066E4A26847F6179A7 /* Pods */,
				37AC719D6AD4840DAAF12E0D /* Frameworks */,
			);
			sourceTree = "<group>";
		};
		4C1E08971E3FE76A00CAE5C9 /* Products */ = {
			isa = PBXGroup;
			children = (
				4C1E08961E3FE76A00CAE5C9 /* Testo.app */,
			);
			name = Products;
			sourceTree = "<group>";
		};
		4C1E08981E3FE76A00CAE5C9 /* Testo */ = {
			isa = PBXGroup;
			children = (
				4C5DA2471E5136A2003B31D1 /* Testo.entitlements */,
				4C5DA2451E501BE3003B31D1 /* AboutUsViewController.swift */,
				4CC390B41E49139200B3EA3E /* Main.storyboard */,
				4C0A59B21E4E5A72002EF0AC /* All Contacts */,
				4C0A59A51E4E395E002EF0AC /* Menu */,
				4C252DF81E4105E4001D7AB6 /* LaunchScreen */,
				4C252DEA1E404F11001D7AB6 /* Global */,
				4C252DED1E40D443001D7AB6 /* Mainpage */,
				4C252DF11E40D540001D7AB6 /* NewGroup */,
			);
			path = Testo;
			sourceTree = "<group>";
		};
		4C252DEA1E404F11001D7AB6 /* Global */ = {
			isa = PBXGroup;
			children = (
				4C1E08991E3FE76A00CAE5C9 /* AppDelegate.swift */,
				4C252DFB1E412540001D7AB6 /* TextComposer.swift */,
				4C252DFD1E4125CA001D7AB6 /* DataModel.swift */,
				4C2D2AE11E4B691200DA5392 /* Info.swift */,
				4C0A59811E4BE479002EF0AC /* Protocol.swift */,
			);
			name = Global;
			path = ..;
			sourceTree = "<group>";
		};
		4C252DED1E40D443001D7AB6 /* Mainpage */ = {
			isa = PBXGroup;
			children = (
				4C252DEE1E40D484001D7AB6 /* FrontPageViewController.swift */,
				4C252E081E419002001D7AB6 /* MPTableView */,
				4C252E071E418A3D001D7AB6 /* CollectionView */,
			);
			name = Mainpage;
			path = ..;
			sourceTree = "<group>";
		};
		4C252DF11E40D540001D7AB6 /* NewGroup */ = {
			isa = PBXGroup;
			children = (
				4C252DF21E40D56F001D7AB6 /* NewGroupViewController.swift */,
				4C252DFF1E4127D8001D7AB6 /* NewGroupTableViewCell.swift */,
			);
			name = NewGroup;
			path = ..;
			sourceTree = "<group>";
		};
		4C252DF81E4105E4001D7AB6 /* LaunchScreen */ = {
			isa = PBXGroup;
			children = (
				4C1E08A21E3FE76A00CAE5C9 /* LaunchScreen.storyboard */,
				4C252DF91E411018001D7AB6 /* LaunchScreenViewController.swift */,
			);
			name = LaunchScreen;
			path = ..;
			sourceTree = "<group>";
		};
		4C252E071E418A3D001D7AB6 /* CollectionView */ = {
			isa = PBXGroup;
			children = (
				4C252E051E4189B9001D7AB6 /* MPCollectionViewCell.swift */,
				4C252E031E4188D6001D7AB6 /* MPCollectionViewController.swift */,
			);
			name = CollectionView;
			sourceTree = "<group>";
		};
		4C252E081E419002001D7AB6 /* MPTableView */ = {
			isa = PBXGroup;
			children = (
				4C252E091E41903C001D7AB6 /* MPTableViewController.swift */,
				4C252E0B1E41905A001D7AB6 /* MPTableViewCell.swift */,
			);
			name = MPTableView;
			sourceTree = "<group>";
		};
		BB6B73066E4A26847F6179A7 /* Pods */ = {
			isa = PBXGroup;
			children = (
				63C6211498725E79BC8213D2 /* Pods-Testo.debug.xcconfig */,
				4D8ACE5008A8F8D6EBB6DC1F /* Pods-Testo.release.xcconfig */,
			);
			name = Pods;
			sourceTree = "<group>";
		};
/* End PBXGroup section */

/* Begin PBXNativeTarget section */
		4C1E08951E3FE76A00CAE5C9 /* Testo */ = {
			isa = PBXNativeTarget;
			buildConfigurationList = 4C1E08A81E3FE76A00CAE5C9 /* Build configuration list for PBXNativeTarget "Testo" */;
			buildPhases = (
				7FC41575905C908186B9B331 /* [CP] Check Pods Manifest.lock */,
				4C1E08921E3FE76A00CAE5C9 /* Sources */,
				4C1E08931E3FE76A00CAE5C9 /* Frameworks */,
				4C1E08941E3FE76A00CAE5C9 /* Resources */,
				0BCEDB3405528E61B94B829F /* [CP] Embed Pods Frameworks */,
				E540322430A22E5D4DFA5F42 /* [CP] Copy Pods Resources */,
			);
			buildRules = (
			);
			dependencies = (
			);
			name = Testo;
			productName = Testo;
			productReference = 4C1E08961E3FE76A00CAE5C9 /* Testo.app */;
			productType = "com.apple.product-type.application";
		};
/* End PBXNativeTarget section */

/* Begin PBXProject section */
		4C1E088E1E3FE76A00CAE5C9 /* Project object */ = {
			isa = PBXProject;
			attributes = {
				LastSwiftUpdateCheck = 0820;
				LastUpgradeCheck = 0820;
				ORGANIZATIONNAME = "oskar morett";
				TargetAttributes = {
					4C1E08951E3FE76A00CAE5C9 = {
						CreatedOnToolsVersion = 8.2.1;
						DevelopmentTeam = AZQ8URL65C;
						ProvisioningStyle = Automatic;
						SystemCapabilities = {
							com.apple.ApplicationGroups.iOS = {
								enabled = 1;
							};
						};
					};
				};
			};
			buildConfigurationList = 4C1E08911E3FE76A00CAE5C9 /* Build configuration list for PBXProject "Testo" */;
			compatibilityVersion = "Xcode 3.2";
			developmentRegion = English;
			hasScannedForEncodings = 0;
			knownRegions = (
				en,
				Base,
			);
			mainGroup = 4C1E088D1E3FE76A00CAE5C9;
			productRefGroup = 4C1E08971E3FE76A00CAE5C9 /* Products */;
			projectDirPath = "";
			projectRoot = "";
			targets = (
				4C1E08951E3FE76A00CAE5C9 /* Testo */,
			);
		};
/* End PBXProject section */

/* Begin PBXResourcesBuildPhase section */
		4C1E08941E3FE76A00CAE5C9 /* Resources */ = {
			isa = PBXResourcesBuildPhase;
			buildActionMask = 2147483647;
			files = (
				4C1E08A41E3FE76A00CAE5C9 /* LaunchScreen.storyboard in Resources */,
				4CC390B51E49139200B3EA3E /* Main.storyboard in Resources */,
				4C1E08AC1E3FE9E600CAE5C9 /* GoogleService-Info.plist in Resources */,
				4C1E08A11E3FE76A00CAE5C9 /* Assets.xcassets in Resources */,
			);
			runOnlyForDeploymentPostprocessing = 0;
		};
/* End PBXResourcesBuildPhase section */

/* Begin PBXShellScriptBuildPhase section */
		0BCEDB3405528E61B94B829F /* [CP] Embed Pods Frameworks */ = {
			isa = PBXShellScriptBuildPhase;
			buildActionMask = 2147483647;
			files = (
			);
			inputPaths = (
			);
			name = "[CP] Embed Pods Frameworks";
			outputPaths = (
			);
			runOnlyForDeploymentPostprocessing = 0;
			shellPath = /bin/sh;
			shellScript = "\"${SRCROOT}/Pods/Target Support Files/Pods-Testo/Pods-Testo-frameworks.sh\"\n";
			showEnvVarsInLog = 0;
		};
		7FC41575905C908186B9B331 /* [CP] Check Pods Manifest.lock */ = {
			isa = PBXShellScriptBuildPhase;
			buildActionMask = 2147483647;
			files = (
			);
			inputPaths = (
			);
			name = "[CP] Check Pods Manifest.lock";
			outputPaths = (
			);
			runOnlyForDeploymentPostprocessing = 0;
			shellPath = /bin/sh;
			shellScript = "diff \"${PODS_ROOT}/../Podfile.lock\" \"${PODS_ROOT}/Manifest.lock\" > /dev/null\nif [ $? != 0 ] ; then\n    # print error to STDERR\n    echo \"error: The sandbox is not in sync with the Podfile.lock. Run 'pod install' or update your CocoaPods installation.\" >&2\n    exit 1\nfi\n";
			showEnvVarsInLog = 0;
		};
		E540322430A22E5D4DFA5F42 /* [CP] Copy Pods Resources */ = {
			isa = PBXShellScriptBuildPhase;
			buildActionMask = 2147483647;
			files = (
			);
			inputPaths = (
			);
			name = "[CP] Copy Pods Resources";
			outputPaths = (
			);
			runOnlyForDeploymentPostprocessing = 0;
			shellPath = /bin/sh;
			shellScript = "\"${SRCROOT}/Pods/Target Support Files/Pods-Testo/Pods-Testo-resources.sh\"\n";
			showEnvVarsInLog = 0;
		};
/* End PBXShellScriptBuildPhase section */

/* Begin PBXSourcesBuildPhase section */
		4C1E08921E3FE76A00CAE5C9 /* Sources */ = {
			isa = PBXSourcesBuildPhase;
			buildActionMask = 2147483647;
			files = (
				4C0A59B41E4E5AA3002EF0AC /* ContactsGridFlowLayout.swift in Sources */,
				4C0A59B81E4E5B82002EF0AC /* AllContactsViewController.swift in Sources */,
				4C252DFC1E412540001D7AB6 /* TextComposer.swift in Sources */,
				4C2322371E4F9FE800BABB6D /* callNtextProtocal.swift in Sources */,
				4C23223B1E4FBE2200BABB6D /* AddContactViewController.swift in Sources */,
				4C252DF31E40D56F001D7AB6 /* NewGroupViewController.swift in Sources */,
				4C252DEF1E40D484001D7AB6 /* FrontPageViewController.swift in Sources */,
				4C252E041E4188D6001D7AB6 /* MPCollectionViewController.swift in Sources */,
				4CC390FE1E4ABADE00B3EA3E /* GroupMenuViewController.swift in Sources */,
				4C0A59B61E4E5B3D002EF0AC /* allContactsCollectionViewCell.swift in Sources */,
				4C2322351E4E9BF500BABB6D /* EditTableViewCell.swift in Sources */,
				4C252E061E4189B9001D7AB6 /* MPCollectionViewCell.swift in Sources */,
				4C1E089A1E3FE76A00CAE5C9 /* AppDelegate.swift in Sources */,
				4C0A59AE1E4E49E1002EF0AC /* EditGroupViewController.swift in Sources */,
				4C252DFE1E4125CA001D7AB6 /* DataModel.swift in Sources */,
				4C2322391E4FBE0B00BABB6D /* AddContactTableViewCell.swift in Sources */,
				4C5DA2461E501BE3003B31D1 /* AboutUsViewController.swift in Sources */,
				4C252E0A1E41903C001D7AB6 /* MPTableViewController.swift in Sources */,
				4C0A59B11E4E5A65002EF0AC /* ContactsListFlowLayout.swift in Sources */,
				4C252E0C1E41905A001D7AB6 /* MPTableViewCell.swift in Sources */,
				4C252E001E4127D8001D7AB6 /* NewGroupTableViewCell.swift in Sources */,
				4C252DFA1E411018001D7AB6 /* LaunchScreenViewController.swift in Sources */,
				4C2D2AE21E4B691200DA5392 /* Info.swift in Sources */,
				4C0A59821E4BE479002EF0AC /* Protocol.swift in Sources */,
			);
			runOnlyForDeploymentPostprocessing = 0;
		};
/* End PBXSourcesBuildPhase section */

/* Begin PBXVariantGroup section */
		4C1E08A21E3FE76A00CAE5C9 /* LaunchScreen.storyboard */ = {
			isa = PBXVariantGroup;
			children = (
				4C1E08A31E3FE76A00CAE5C9 /* Base */,
			);
			name = LaunchScreen.storyboard;
			path = Testo;
			sourceTree = "<group>";
		};
/* End PBXVariantGroup section */

/* Begin XCBuildConfiguration section */
		4C1E08A61E3FE76A00CAE5C9 /* Debug */ = {
			isa = XCBuildConfiguration;
			buildSettings = {
				ALWAYS_SEARCH_USER_PATHS = NO;
				CLANG_ANALYZER_NONNULL = YES;
				CLANG_CXX_LANGUAGE_STANDARD = "gnu++0x";
				CLANG_CXX_LIBRARY = "libc++";
				CLANG_ENABLE_MODULES = YES;
				CLANG_ENABLE_OBJC_ARC = YES;
				CLANG_WARN_BOOL_CONVERSION = YES;
				CLANG_WARN_CONSTANT_CONVERSION = YES;
				CLANG_WARN_DIRECT_OBJC_ISA_USAGE = YES_ERROR;
				CLANG_WARN_DOCUMENTATION_COMMENTS = YES;
				CLANG_WARN_EMPTY_BODY = YES;
				CLANG_WARN_ENUM_CONVERSION = YES;
				CLANG_WARN_INFINITE_RECURSION = YES;
				CLANG_WARN_INT_CONVERSION = YES;
				CLANG_WARN_OBJC_ROOT_CLASS = YES_ERROR;
				CLANG_WARN_SUSPICIOUS_MOVE = YES;
				CLANG_WARN_UNREACHABLE_CODE = YES;
				CLANG_WARN__DUPLICATE_METHOD_MATCH = YES;
				"CODE_SIGN_IDENTITY[sdk=iphoneos*]" = "iPhone Developer";
				COPY_PHASE_STRIP = NO;
				DEBUG_INFORMATION_FORMAT = dwarf;
				ENABLE_STRICT_OBJC_MSGSEND = YES;
				ENABLE_TESTABILITY = YES;
				GCC_C_LANGUAGE_STANDARD = gnu99;
				GCC_DYNAMIC_NO_PIC = NO;
				GCC_NO_COMMON_BLOCKS = YES;
				GCC_OPTIMIZATION_LEVEL = 0;
				GCC_PREPROCESSOR_DEFINITIONS = (
					"DEBUG=1",
					"$(inherited)",
				);
				GCC_WARN_64_TO_32_BIT_CONVERSION = YES;
				GCC_WARN_ABOUT_RETURN_TYPE = YES_ERROR;
				GCC_WARN_UNDECLARED_SELECTOR = YES;
				GCC_WARN_UNINITIALIZED_AUTOS = YES_AGGRESSIVE;
				GCC_WARN_UNUSED_FUNCTION = YES;
				GCC_WARN_UNUSED_VARIABLE = YES;
				IPHONEOS_DEPLOYMENT_TARGET = 10.2;
				MTL_ENABLE_DEBUG_INFO = YES;
				ONLY_ACTIVE_ARCH = YES;
				SDKROOT = iphoneos;
				SWIFT_ACTIVE_COMPILATION_CONDITIONS = DEBUG;
				SWIFT_OPTIMIZATION_LEVEL = "-Onone";
				TARGETED_DEVICE_FAMILY = "1,2";
			};
			name = Debug;
		};
		4C1E08A71E3FE76A00CAE5C9 /* Release */ = {
			isa = XCBuildConfiguration;
			buildSettings = {
				ALWAYS_SEARCH_USER_PATHS = NO;
				CLANG_ANALYZER_NONNULL = YES;
				CLANG_CXX_LANGUAGE_STANDARD = "gnu++0x";
				CLANG_CXX_LIBRARY = "libc++";
				CLANG_ENABLE_MODULES = YES;
				CLANG_ENABLE_OBJC_ARC = YES;
				CLANG_WARN_BOOL_CONVERSION = YES;
				CLANG_WARN_CONSTANT_CONVERSION = YES;
				CLANG_WARN_DIRECT_OBJC_ISA_USAGE = YES_ERROR;
				CLANG_WARN_DOCUMENTATION_COMMENTS = YES;
				CLANG_WARN_EMPTY_BODY = YES;
				CLANG_WARN_ENUM_CONVERSION = YES;
				CLANG_WARN_INFINITE_RECURSION = YES;
				CLANG_WARN_INT_CONVERSION = YES;
				CLANG_WARN_OBJC_ROOT_CLASS = YES_ERROR;
				CLANG_WARN_SUSPICIOUS_MOVE = YES;
				CLANG_WARN_UNREACHABLE_CODE = YES;
				CLANG_WARN__DUPLICATE_METHOD_MATCH = YES;
				"CODE_SIGN_IDENTITY[sdk=iphoneos*]" = "iPhone Developer";
				COPY_PHASE_STRIP = NO;
				DEBUG_INFORMATION_FORMAT = "dwarf-with-dsym";
				ENABLE_NS_ASSERTIONS = NO;
				ENABLE_STRICT_OBJC_MSGSEND = YES;
				GCC_C_LANGUAGE_STANDARD = gnu99;
				GCC_NO_COMMON_BLOCKS = YES;
				GCC_WARN_64_TO_32_BIT_CONVERSION = YES;
				GCC_WARN_ABOUT_RETURN_TYPE = YES_ERROR;
				GCC_WARN_UNDECLARED_SELECTOR = YES;
				GCC_WARN_UNINITIALIZED_AUTOS = YES_AGGRESSIVE;
				GCC_WARN_UNUSED_FUNCTION = YES;
				GCC_WARN_UNUSED_VARIABLE = YES;
				IPHONEOS_DEPLOYMENT_TARGET = 10.2;
				MTL_ENABLE_DEBUG_INFO = NO;
				SDKROOT = iphoneos;
				SWIFT_OPTIMIZATION_LEVEL = "-Owholemodule";
				TARGETED_DEVICE_FAMILY = "1,2";
				VALIDATE_PRODUCT = YES;
			};
			name = Release;
		};
		4C1E08A91E3FE76A00CAE5C9 /* Debug */ = {
			isa = XCBuildConfiguration;
			baseConfigurationReference = 63C6211498725E79BC8213D2 /* Pods-Testo.debug.xcconfig */;
			buildSettings = {
				ASSETCATALOG_COMPILER_APPICON_NAME = AppIcon;
				CODE_SIGN_ENTITLEMENTS = Testo/Testo.entitlements;
				DEVELOPMENT_TEAM = AZQ8URL65C;
				INFOPLIST_FILE = Testo/Info.plist;
				LD_RUNPATH_SEARCH_PATHS = "$(inherited) @executable_path/Frameworks";
				PRODUCT_BUNDLE_IDENTIFIER = oskar.Testo;
				PRODUCT_NAME = "$(TARGET_NAME)";
				SWIFT_VERSION = 3.0;
				TARGETED_DEVICE_FAMILY = 1;
			};
			name = Debug;
		};
		4C1E08AA1E3FE76A00CAE5C9 /* Release */ = {
			isa = XCBuildConfiguration;
			baseConfigurationReference = 4D8ACE5008A8F8D6EBB6DC1F /* Pods-Testo.release.xcconfig */;
			buildSettings = {
				ASSETCATALOG_COMPILER_APPICON_NAME = AppIcon;
				CODE_SIGN_ENTITLEMENTS = Testo/Testo.entitlements;
				DEVELOPMENT_TEAM = AZQ8URL65C;
				INFOPLIST_FILE = Testo/Info.plist;
				LD_RUNPATH_SEARCH_PATHS = "$(inherited) @executable_path/Frameworks";
				PRODUCT_BUNDLE_IDENTIFIER = oskar.Testo;
				PRODUCT_NAME = "$(TARGET_NAME)";
				SWIFT_VERSION = 3.0;
				TARGETED_DEVICE_FAMILY = 1;
			};
			name = Release;
		};
/* End XCBuildConfiguration section */

/* Begin XCConfigurationList section */
		4C1E08911E3FE76A00CAE5C9 /* Build configuration list for PBXProject "Testo" */ = {
			isa = XCConfigurationList;
			buildConfigurations = (
				4C1E08A61E3FE76A00CAE5C9 /* Debug */,
				4C1E08A71E3FE76A00CAE5C9 /* Release */,
			);
			defaultConfigurationIsVisible = 0;
			defaultConfigurationName = Release;
		};
		4C1E08A81E3FE76A00CAE5C9 /* Build configuration list for PBXNativeTarget "Testo" */ = {
			isa = XCConfigurationList;
			buildConfigurations = (
				4C1E08A91E3FE76A00CAE5C9 /* Debug */,
				4C1E08AA1E3FE76A00CAE5C9 /* Release */,
			);
			defaultConfigurationIsVisible = 0;
			defaultConfigurationName = Release;
		};
/* End XCConfigurationList section */
	};
	rootObject = 4C1E088E1E3FE76A00CAE5C9 /* Project object */;
}
